// !$*UTF8*$!
{
	archiveVersion = 1;
	classes = {
	};
	objectVersion = 55;
	objects = {

/* Begin PBXAggregateTarget section */
		418AE6DE26BB87F400682A6F /* toyOS_run */ = {
			isa = PBXAggregateTarget;
			buildConfigurationList = 418AE6E026BB87F400682A6F /* Build configuration list for PBXAggregateTarget "toyOS_run" */;
			buildPhases = (
				418AE6DF26BB87F400682A6F /* ShellScript */,
			);
			dependencies = (
			);
			name = toyOS_run;
			productName = toyOS;
		};
		41D60A9A26BA8E9E00854F24 /* toyOS */ = {
			isa = PBXAggregateTarget;
			buildConfigurationList = 41D60A9B26BA8E9E00854F24 /* Build configuration list for PBXAggregateTarget "toyOS" */;
			buildPhases = (
				41D60A9E26BA8EB200854F24 /* ShellScript */,
			);
			dependencies = (
			);
			name = toyOS;
			productName = toyOS;
		};
/* End PBXAggregateTarget section */

/* Begin PBXBuildFile section */
		413A939E26C02B2400C36D21 /* trap.h in Sources */ = {isa = PBXBuildFile; fileRef = 41FBCF2326BE24FC0022F3CF /* trap.h */; };
		413A939F26C02B2400C36D21 /* gate.h in Sources */ = {isa = PBXBuildFile; fileRef = 41FBCF1B26BE24CA0022F3CF /* gate.h */; };
		413A93A026C02B2400C36D21 /* font.h in Sources */ = {isa = PBXBuildFile; fileRef = 41FBCF0426BE225C0022F3CF /* font.h */; };
		413A93A126C02B2400C36D21 /* lib.h in Sources */ = {isa = PBXBuildFile; fileRef = 41FBCF0126BE225C0022F3CF /* lib.h */; };
		413A93A226C02B2400C36D21 /* printk.h in Sources */ = {isa = PBXBuildFile; fileRef = 41FBCF0326BE225C0022F3CF /* printk.h */; };
		41FBCF1026BE225C0022F3CF /* font.c in Sources */ = {isa = PBXBuildFile; fileRef = 41FBCEFF26BE225C0022F3CF /* font.c */; };
		41FBCF1126BE225C0022F3CF /* printk.c in Sources */ = {isa = PBXBuildFile; fileRef = 41FBCF0026BE225C0022F3CF /* printk.c */; };
		41FBCF1226BE225C0022F3CF /* lib.h in Headers */ = {isa = PBXBuildFile; fileRef = 41FBCF0126BE225C0022F3CF /* lib.h */; };
		41FBCF1326BE225C0022F3CF /* main.c in Sources */ = {isa = PBXBuildFile; fileRef = 41FBCF0226BE225C0022F3CF /* main.c */; };
		41FBCF1426BE225C0022F3CF /* printk.h in Headers */ = {isa = PBXBuildFile; fileRef = 41FBCF0326BE225C0022F3CF /* printk.h */; };
		41FBCF1526BE225C0022F3CF /* font.h in Headers */ = {isa = PBXBuildFile; fileRef = 41FBCF0426BE225C0022F3CF /* font.h */; };
		41FBCF1F26BE24CA0022F3CF /* gate.h in Headers */ = {isa = PBXBuildFile; fileRef = 41FBCF1B26BE24CA0022F3CF /* gate.h */; };
		41FBCF2426BE24FD0022F3CF /* trap.c in Sources */ = {isa = PBXBuildFile; fileRef = 41FBCF2226BE24FC0022F3CF /* trap.c */; };
		41FBCF2526BE24FD0022F3CF /* trap.h in Headers */ = {isa = PBXBuildFile; fileRef = 41FBCF2326BE24FC0022F3CF /* trap.h */; };
/* End PBXBuildFile section */

/* Begin PBXFileReference section */
		413A93E426C0FEEA00C36D21 /* BUILD.gn */ = {isa = PBXFileReference; lastKnownFileType = text; name = BUILD.gn; path = ../BUILD.gn; sourceTree = "<group>"; };
		41D60A4026BA492800854F24 /* Makefile */ = {isa = PBXFileReference; fileEncoding = 4; lastKnownFileType = sourcecode.make; name = Makefile; path = ../Makefile; sourceTree = "<group>"; };
		41D60A7726BA494A00854F24 /* build */ = {isa = PBXFileReference; lastKnownFileType = folder; name = build; path = ../build; sourceTree = "<group>"; };
		41D60A9026BA5B6800854F24 /* libsources.a */ = {isa = PBXFileReference; explicitFileType = archive.ar; includeInIndex = 0; path = libsources.a; sourceTree = BUILT_PRODUCTS_DIR; };
		41FBCEF326BE225B0022F3CF /* loader.asm */ = {isa = PBXFileReference; lastKnownFileType = sourcecode.asm.asm; path = loader.asm; sourceTree = "<group>"; };
		41FBCEF426BE225B0022F3CF /* loader.inc */ = {isa = PBXFileReference; fileEncoding = 4; lastKnownFileType = sourcecode.pascal; path = loader.inc; sourceTree = "<group>"; };
		41FBCEF526BE225B0022F3CF /* ards.inc */ = {isa = PBXFileReference; fileEncoding = 4; lastKnownFileType = sourcecode.pascal; path = ards.inc; sourceTree = "<group>"; };
		41FBCEF626BE225B0022F3CF /* boot.asm */ = {isa = PBXFileReference; lastKnownFileType = sourcecode.asm.asm; path = boot.asm; sourceTree = "<group>"; };
		41FBCEF726BE225B0022F3CF /* common.inc */ = {isa = PBXFileReference; fileEncoding = 4; lastKnownFileType = sourcecode.pascal; path = common.inc; sourceTree = "<group>"; };
		41FBCEF826BE225B0022F3CF /* boot.inc */ = {isa = PBXFileReference; fileEncoding = 4; lastKnownFileType = sourcecode.pascal; path = boot.inc; sourceTree = "<group>"; };
		41FBCEF926BE225B0022F3CF /* fat12.inc */ = {isa = PBXFileReference; fileEncoding = 4; lastKnownFileType = sourcecode.pascal; path = fat12.inc; sourceTree = "<group>"; };
		41FBCEFD26BE225C0022F3CF /* head.asm */ = {isa = PBXFileReference; lastKnownFileType = sourcecode.asm.asm; path = head.asm; sourceTree = "<group>"; };
		41FBCEFF26BE225C0022F3CF /* font.c */ = {isa = PBXFileReference; fileEncoding = 4; lastKnownFileType = sourcecode.c.c; path = font.c; sourceTree = "<group>"; };
		41FBCF0026BE225C0022F3CF /* printk.c */ = {isa = PBXFileReference; fileEncoding = 4; lastKnownFileType = sourcecode.c.c; path = printk.c; sourceTree = "<group>"; };
		41FBCF0126BE225C0022F3CF /* lib.h */ = {isa = PBXFileReference; fileEncoding = 4; lastKnownFileType = sourcecode.c.h; path = lib.h; sourceTree = "<group>"; };
		41FBCF0226BE225C0022F3CF /* main.c */ = {isa = PBXFileReference; fileEncoding = 4; lastKnownFileType = sourcecode.c.c; path = main.c; sourceTree = "<group>"; };
		41FBCF0326BE225C0022F3CF /* printk.h */ = {isa = PBXFileReference; fileEncoding = 4; lastKnownFileType = sourcecode.c.h; path = printk.h; sourceTree = "<group>"; };
		41FBCF0426BE225C0022F3CF /* font.h */ = {isa = PBXFileReference; fileEncoding = 4; lastKnownFileType = sourcecode.c.h; path = font.h; sourceTree = "<group>"; };
		41FBCF1B26BE24CA0022F3CF /* gate.h */ = {isa = PBXFileReference; fileEncoding = 4; lastKnownFileType = sourcecode.c.h; path = gate.h; sourceTree = "<group>"; };
		41FBCF2226BE24FC0022F3CF /* trap.c */ = {isa = PBXFileReference; fileEncoding = 4; lastKnownFileType = sourcecode.c.c; path = trap.c; sourceTree = "<group>"; };
		41FBCF2326BE24FC0022F3CF /* trap.h */ = {isa = PBXFileReference; fileEncoding = 4; lastKnownFileType = sourcecode.c.h; path = trap.h; sourceTree = "<group>"; };
		41FBCF2626BE31940022F3CF /* entry.asm */ = {isa = PBXFileReference; lastKnownFileType = sourcecode.asm.asm; path = entry.asm; sourceTree = "<group>"; };
/* End PBXFileReference section */

/* Begin PBXFrameworksBuildPhase section */
		41D60A8E26BA5B6800854F24 /* Frameworks */ = {
			isa = PBXFrameworksBuildPhase;
			buildActionMask = 2147483647;
			files = (
			);
			runOnlyForDeploymentPostprocessing = 0;
		};
/* End PBXFrameworksBuildPhase section */

/* Begin PBXGroup section */
		41D609AA26BA48CE00854F24 = {
			isa = PBXGroup;
			children = (
				41FBCEF126BE225B0022F3CF /* bootLoader */,
				41FBCEFA26BE225B0022F3CF /* kernel */,
				41D60A7726BA494A00854F24 /* build */,
				41D60A4026BA492800854F24 /* Makefile */,
				413A93E426C0FEEA00C36D21 /* BUILD.gn */,
				41D609B426BA48CE00854F24 /* Products */,
			);
			sourceTree = "<group>";
		};
		41D609B426BA48CE00854F24 /* Products */ = {
			isa = PBXGroup;
			children = (
				41D60A9026BA5B6800854F24 /* libsources.a */,
			);
			name = Products;
			sourceTree = "<group>";
		};
		41FBCEF126BE225B0022F3CF /* bootLoader */ = {
			isa = PBXGroup;
			children = (
				41FBCEF326BE225B0022F3CF /* loader.asm */,
				41FBCEF426BE225B0022F3CF /* loader.inc */,
				41FBCEF526BE225B0022F3CF /* ards.inc */,
				41FBCEF626BE225B0022F3CF /* boot.asm */,
				41FBCEF726BE225B0022F3CF /* common.inc */,
				41FBCEF826BE225B0022F3CF /* boot.inc */,
				41FBCEF926BE225B0022F3CF /* fat12.inc */,
			);
			name = bootLoader;
			path = ../bootLoader;
			sourceTree = "<group>";
		};
		41FBCEFA26BE225B0022F3CF /* kernel */ = {
			isa = PBXGroup;
			children = (
				41FBCEFB26BE225B0022F3CF /* asm */,
				41FBCEFF26BE225C0022F3CF /* font.c */,
				41FBCF0426BE225C0022F3CF /* font.h */,
				41FBCF0126BE225C0022F3CF /* lib.h */,
				41FBCF0226BE225C0022F3CF /* main.c */,
				41FBCF0026BE225C0022F3CF /* printk.c */,
				41FBCF0326BE225C0022F3CF /* printk.h */,
			);
			name = kernel;
			path = ../kernel;
			sourceTree = "<group>";
		};
		41FBCEFB26BE225B0022F3CF /* asm */ = {
			isa = PBXGroup;
			children = (
				41FBCF2626BE31940022F3CF /* entry.asm */,
				41FBCF2226BE24FC0022F3CF /* trap.c */,
				41FBCF2326BE24FC0022F3CF /* trap.h */,
				41FBCF1B26BE24CA0022F3CF /* gate.h */,
				41FBCEFD26BE225C0022F3CF /* head.asm */,
			);
			path = asm;
			sourceTree = "<group>";
		};
/* End PBXGroup section */

/* Begin PBXHeadersBuildPhase section */
		41D60A8C26BA5B6800854F24 /* Headers */ = {
			isa = PBXHeadersBuildPhase;
			buildActionMask = 2147483647;
			files = (
				41FBCF1426BE225C0022F3CF /* printk.h in Headers */,
				41FBCF1226BE225C0022F3CF /* lib.h in Headers */,
				41FBCF1526BE225C0022F3CF /* font.h in Headers */,
				41FBCF2526BE24FD0022F3CF /* trap.h in Headers */,
				41FBCF1F26BE24CA0022F3CF /* gate.h in Headers */,
			);
			runOnlyForDeploymentPostprocessing = 0;
		};
/* End PBXHeadersBuildPhase section */

/* Begin PBXNativeTarget section */
		41D60A8F26BA5B6800854F24 /* sources */ = {
			isa = PBXNativeTarget;
			buildConfigurationList = 41D60A9126BA5B6800854F24 /* Build configuration list for PBXNativeTarget "sources" */;
			buildPhases = (
				41D60A8C26BA5B6800854F24 /* Headers */,
				41D60A8D26BA5B6800854F24 /* Sources */,
				41D60A8E26BA5B6800854F24 /* Frameworks */,
			);
			buildRules = (
			);
			dependencies = (
			);
			name = sources;
			productName = sources;
			productReference = 41D60A9026BA5B6800854F24 /* libsources.a */;
			productType = "com.apple.product-type.library.static";
		};
/* End PBXNativeTarget section */

/* Begin PBXProject section */
		41D609AB26BA48CE00854F24 /* Project object */ = {
			isa = PBXProject;
			attributes = {
				BuildIndependentTargetsInParallel = 1;
				LastUpgradeCheck = 1300;
				TargetAttributes = {
					41D60A8F26BA5B6800854F24 = {
						CreatedOnToolsVersion = 13.0;
					};
					41D60A9A26BA8E9E00854F24 = {
						CreatedOnToolsVersion = 13.0;
					};
				};
			};
			buildConfigurationList = 41D609AE26BA48CE00854F24 /* Build configuration list for PBXProject "toyOS" */;
			compatibilityVersion = "Xcode 13.0";
			developmentRegion = en;
			hasScannedForEncodings = 0;
			knownRegions = (
				en,
				Base,
			);
			mainGroup = 41D609AA26BA48CE00854F24;
			productRefGroup = 41D609B426BA48CE00854F24 /* Products */;
			projectDirPath = "";
			projectRoot = "";
			targets = (
				41D60A9A26BA8E9E00854F24 /* toyOS */,
				418AE6DE26BB87F400682A6F /* toyOS_run */,
				41D60A8F26BA5B6800854F24 /* sources */,
			);
		};
/* End PBXProject section */

/* Begin PBXShellScriptBuildPhase section */
		418AE6DF26BB87F400682A6F /* ShellScript */ = {
			isa = PBXShellScriptBuildPhase;
			buildActionMask = 2147483647;
			files = (
			);
			inputFileListPaths = (
			);
			inputPaths = (
			);
			outputFileListPaths = (
			);
			outputPaths = (
			);
			runOnlyForDeploymentPostprocessing = 0;
			shellPath = /bin/sh;
			shellScript = "cd ../ &&\nmake run\n";
		};
		41D60A9E26BA8EB200854F24 /* ShellScript */ = {
			isa = PBXShellScriptBuildPhase;
			buildActionMask = 2147483647;
			files = (
			);
			inputFileListPaths = (
			);
			inputPaths = (
			);
			outputFileListPaths = (
			);
			outputPaths = (
			);
			runOnlyForDeploymentPostprocessing = 0;
			shellPath = /bin/sh;
			shellScript = "cd ../ &&\nmake build\n";
		};
/* End PBXShellScriptBuildPhase section */

/* Begin PBXSourcesBuildPhase section */
		41D60A8D26BA5B6800854F24 /* Sources */ = {
			isa = PBXSourcesBuildPhase;
			buildActionMask = 2147483647;
			files = (
				413A939E26C02B2400C36D21 /* trap.h in Sources */,
				413A939F26C02B2400C36D21 /* gate.h in Sources */,
				413A93A026C02B2400C36D21 /* font.h in Sources */,
				413A93A126C02B2400C36D21 /* lib.h in Sources */,
				413A93A226C02B2400C36D21 /* printk.h in Sources */,
				41FBCF1126BE225C0022F3CF /* printk.c in Sources */,
				41FBCF1326BE225C0022F3CF /* main.c in Sources */,
				41FBCF1026BE225C0022F3CF /* font.c in Sources */,
				41FBCF2426BE24FD0022F3CF /* trap.c in Sources */,
			);
			runOnlyForDeploymentPostprocessing = 0;
		};
/* End PBXSourcesBuildPhase section */

/* Begin XCBuildConfiguration section */
		418AE6E126BB87F400682A6F /* Debug */ = {
			isa = XCBuildConfiguration;
			buildSettings = {
				CODE_SIGN_STYLE = Automatic;
				DEVELOPMENT_TEAM = 7UVEB9KPH8;
				PRODUCT_NAME = "$(TARGET_NAME)";
			};
			name = Debug;
		};
		418AE6E226BB87F400682A6F /* Release */ = {
			isa = XCBuildConfiguration;
			buildSettings = {
				CODE_SIGN_STYLE = Automatic;
				DEVELOPMENT_TEAM = 7UVEB9KPH8;
				PRODUCT_NAME = "$(TARGET_NAME)";
			};
			name = Release;
		};
		41D609B826BA48CE00854F24 /* Debug */ = {
			isa = XCBuildConfiguration;
			buildSettings = {
				ALWAYS_SEARCH_USER_PATHS = NO;
				CLANG_ANALYZER_NONNULL = YES;
				CLANG_ANALYZER_NUMBER_OBJECT_CONVERSION = YES_AGGRESSIVE;
				CLANG_CXX_LANGUAGE_STANDARD = "gnu++14";
				CLANG_CXX_LIBRARY = "libc++";
				CLANG_ENABLE_MODULES = YES;
				CLANG_ENABLE_OBJC_ARC = YES;
				CLANG_ENABLE_OBJC_WEAK = YES;
				CLANG_WARN_BLOCK_CAPTURE_AUTORELEASING = YES;
				CLANG_WARN_BOOL_CONVERSION = YES;
				CLANG_WARN_COMMA = YES;
				CLANG_WARN_CONSTANT_CONVERSION = YES;
				CLANG_WARN_DEPRECATED_OBJC_IMPLEMENTATIONS = YES;
				CLANG_WARN_DIRECT_OBJC_ISA_USAGE = YES_ERROR;
				CLANG_WARN_DOCUMENTATION_COMMENTS = YES;
				CLANG_WARN_EMPTY_BODY = YES;
				CLANG_WARN_ENUM_CONVERSION = YES;
				CLANG_WARN_INFINITE_RECURSION = YES;
				CLANG_WARN_INT_CONVERSION = YES;
				CLANG_WARN_NON_LITERAL_NULL_CONVERSION = YES;
				CLANG_WARN_OBJC_IMPLICIT_RETAIN_SELF = YES;
				CLANG_WARN_OBJC_LITERAL_CONVERSION = YES;
				CLANG_WARN_OBJC_ROOT_CLASS = YES_ERROR;
				CLANG_WARN_QUOTED_INCLUDE_IN_FRAMEWORK_HEADER = YES;
				CLANG_WARN_RANGE_LOOP_ANALYSIS = YES;
				CLANG_WARN_STRICT_PROTOTYPES = YES;
				CLANG_WARN_SUSPICIOUS_MOVE = YES;
				CLANG_WARN_UNGUARDED_AVAILABILITY = YES_AGGRESSIVE;
				CLANG_WARN_UNREACHABLE_CODE = YES;
				CLANG_WARN__DUPLICATE_METHOD_MATCH = YES;
				COPY_PHASE_STRIP = NO;
				DEBUG_INFORMATION_FORMAT = dwarf;
				ENABLE_STRICT_OBJC_MSGSEND = YES;
				ENABLE_TESTABILITY = YES;
				GCC_C_LANGUAGE_STANDARD = gnu11;
				GCC_DYNAMIC_NO_PIC = NO;
				GCC_NO_COMMON_BLOCKS = YES;
				GCC_OPTIMIZATION_LEVEL = 0;
				GCC_PREPROCESSOR_DEFINITIONS = (
					"DEBUG=1",
					"$(inherited)",
				);
				GCC_WARN_64_TO_32_BIT_CONVERSION = YES;
				GCC_WARN_ABOUT_RETURN_TYPE = YES_ERROR;
				GCC_WARN_UNDECLARED_SELECTOR = YES;
				GCC_WARN_UNINITIALIZED_AUTOS = YES_AGGRESSIVE;
				GCC_WARN_UNUSED_FUNCTION = YES;
				GCC_WARN_UNUSED_VARIABLE = YES;
				MACOSX_DEPLOYMENT_TARGET = 11.4;
				MTL_ENABLE_DEBUG_INFO = INCLUDE_SOURCE;
				MTL_FAST_MATH = YES;
				ONLY_ACTIVE_ARCH = YES;
				SDKROOT = macosx;
			};
			name = Debug;
		};
		41D609B926BA48CE00854F24 /* Release */ = {
			isa = XCBuildConfiguration;
			buildSettings = {
				ALWAYS_SEARCH_USER_PATHS = NO;
				CLANG_ANALYZER_NONNULL = YES;
				CLANG_ANALYZER_NUMBER_OBJECT_CONVERSION = YES_AGGRESSIVE;
				CLANG_CXX_LANGUAGE_STANDARD = "gnu++14";
				CLANG_CXX_LIBRARY = "libc++";
				CLANG_ENABLE_MODULES = YES;
				CLANG_ENABLE_OBJC_ARC = YES;
				CLANG_ENABLE_OBJC_WEAK = YES;
				CLANG_WARN_BLOCK_CAPTURE_AUTORELEASING = YES;
				CLANG_WARN_BOOL_CONVERSION = YES;
				CLANG_WARN_COMMA = YES;
				CLANG_WARN_CONSTANT_CONVERSION = YES;
				CLANG_WARN_DEPRECATED_OBJC_IMPLEMENTATIONS = YES;
				CLANG_WARN_DIRECT_OBJC_ISA_USAGE = YES_ERROR;
				CLANG_WARN_DOCUMENTATION_COMMENTS = YES;
				CLANG_WARN_EMPTY_BODY = YES;
				CLANG_WARN_ENUM_CONVERSION = YES;
				CLANG_WARN_INFINITE_RECURSION = YES;
				CLANG_WARN_INT_CONVERSION = YES;
				CLANG_WARN_NON_LITERAL_NULL_CONVERSION = YES;
				CLANG_WARN_OBJC_IMPLICIT_RETAIN_SELF = YES;
				CLANG_WARN_OBJC_LITERAL_CONVERSION = YES;
				CLANG_WARN_OBJC_ROOT_CLASS = YES_ERROR;
				CLANG_WARN_QUOTED_INCLUDE_IN_FRAMEWORK_HEADER = YES;
				CLANG_WARN_RANGE_LOOP_ANALYSIS = YES;
				CLANG_WARN_STRICT_PROTOTYPES = YES;
				CLANG_WARN_SUSPICIOUS_MOVE = YES;
				CLANG_WARN_UNGUARDED_AVAILABILITY = YES_AGGRESSIVE;
				CLANG_WARN_UNREACHABLE_CODE = YES;
				CLANG_WARN__DUPLICATE_METHOD_MATCH = YES;
				COPY_PHASE_STRIP = NO;
				DEBUG_INFORMATION_FORMAT = "dwarf-with-dsym";
				ENABLE_NS_ASSERTIONS = NO;
				ENABLE_STRICT_OBJC_MSGSEND = YES;
				GCC_C_LANGUAGE_STANDARD = gnu11;
				GCC_NO_COMMON_BLOCKS = YES;
				GCC_WARN_64_TO_32_BIT_CONVERSION = YES;
				GCC_WARN_ABOUT_RETURN_TYPE = YES_ERROR;
				GCC_WARN_UNDECLARED_SELECTOR = YES;
				GCC_WARN_UNINITIALIZED_AUTOS = YES_AGGRESSIVE;
				GCC_WARN_UNUSED_FUNCTION = YES;
				GCC_WARN_UNUSED_VARIABLE = YES;
				MACOSX_DEPLOYMENT_TARGET = 11.4;
				MTL_ENABLE_DEBUG_INFO = NO;
				MTL_FAST_MATH = YES;
				SDKROOT = macosx;
			};
			name = Release;
		};
		41D60A9226BA5B6800854F24 /* Debug */ = {
			isa = XCBuildConfiguration;
			buildSettings = {
				CLANG_CXX_LIBRARY = "";
				CODE_SIGN_STYLE = Automatic;
				DEVELOPMENT_TEAM = 7UVEB9KPH8;
				EXECUTABLE_PREFIX = lib;
				PRODUCT_NAME = "$(TARGET_NAME)";
				SKIP_INSTALL = YES;
			};
			name = Debug;
		};
		41D60A9326BA5B6800854F24 /* Release */ = {
			isa = XCBuildConfiguration;
			buildSettings = {
				CLANG_CXX_LIBRARY = "";
				CODE_SIGN_STYLE = Automatic;
				DEVELOPMENT_TEAM = 7UVEB9KPH8;
				EXECUTABLE_PREFIX = lib;
				PRODUCT_NAME = "$(TARGET_NAME)";
				SKIP_INSTALL = YES;
			};
			name = Release;
		};
		41D60A9C26BA8E9E00854F24 /* Debug */ = {
			isa = XCBuildConfiguration;
			buildSettings = {
				CODE_SIGN_STYLE = Automatic;
				DEVELOPMENT_TEAM = 7UVEB9KPH8;
				PRODUCT_NAME = "$(TARGET_NAME)";
			};
			name = Debug;
		};
		41D60A9D26BA8E9E00854F24 /* Release */ = {
			isa = XCBuildConfiguration;
			buildSettings = {
				CODE_SIGN_STYLE = Automatic;
				DEVELOPMENT_TEAM = 7UVEB9KPH8;
				PRODUCT_NAME = "$(TARGET_NAME)";
			};
			name = Release;
		};
/* End XCBuildConfiguration section */

/* Begin XCConfigurationList section */
		418AE6E026BB87F400682A6F /* Build configuration list for PBXAggregateTarget "toyOS_run" */ = {
			isa = XCConfigurationList;
			buildConfigurations = (
				418AE6E126BB87F400682A6F /* Debug */,
				418AE6E226BB87F400682A6F /* Release */,
			);
			defaultConfigurationIsVisible = 0;
			defaultConfigurationName = Release;
		};
		41D609AE26BA48CE00854F24 /* Build configuration list for PBXProject "toyOS" */ = {
			isa = XCConfigurationList;
			buildConfigurations = (
				41D609B826BA48CE00854F24 /* Debug */,
				41D609B926BA48CE00854F24 /* Release */,
			);
			defaultConfigurationIsVisible = 0;
			defaultConfigurationName = Release;
		};
		41D60A9126BA5B6800854F24 /* Build configuration list for PBXNativeTarget "sources" */ = {
			isa = XCConfigurationList;
			buildConfigurations = (
				41D60A9226BA5B6800854F24 /* Debug */,
				41D60A9326BA5B6800854F24 /* Release */,
			);
			defaultConfigurationIsVisible = 0;
			defaultConfigurationName = Release;
		};
		41D60A9B26BA8E9E00854F24 /* Build configuration list for PBXAggregateTarget "toyOS" */ = {
			isa = XCConfigurationList;
			buildConfigurations = (
				41D60A9C26BA8E9E00854F24 /* Debug */,
				41D60A9D26BA8E9E00854F24 /* Release */,
			);
			defaultConfigurationIsVisible = 0;
			defaultConfigurationName = Release;
		};
/* End XCConfigurationList section */
	};
	rootObject = 41D609AB26BA48CE00854F24 /* Project object */;
}
